// !$*UTF8*$!
{
	archiveVersion = 1;
	classes = {
	};
	objectVersion = 46;
	objects = {

/* Begin PBXBuildFile section */
		D09246071EA805DB00442630 /* AppDelegate.swift in Sources */ = {isa = PBXBuildFile; fileRef = D09246061EA805DB00442630 /* AppDelegate.swift */; };
		D09246091EA805DB00442630 /* MainVC.swift in Sources */ = {isa = PBXBuildFile; fileRef = D09246081EA805DB00442630 /* MainVC.swift */; };
		D092460C1EA805DB00442630 /* Main.storyboard in Resources */ = {isa = PBXBuildFile; fileRef = D092460A1EA805DB00442630 /* Main.storyboard */; };
		D092460F1EA805DB00442630 /* Bout_Time.xcdatamodeld in Sources */ = {isa = PBXBuildFile; fileRef = D092460D1EA805DB00442630 /* Bout_Time.xcdatamodeld */; };
		D09246111EA805DB00442630 /* Assets.xcassets in Resources */ = {isa = PBXBuildFile; fileRef = D09246101EA805DB00442630 /* Assets.xcassets */; };
		D09246141EA805DB00442630 /* LaunchScreen.storyboard in Resources */ = {isa = PBXBuildFile; fileRef = D09246121EA805DB00442630 /* LaunchScreen.storyboard */; };
		D09246201EA8418F00442630 /* Presidents.swift in Sources */ = {isa = PBXBuildFile; fileRef = D092461F1EA8418F00442630 /* Presidents.swift */; };
		D0F2B3331EAB9C65000BEE4B /* GameOverVC.swift in Sources */ = {isa = PBXBuildFile; fileRef = D0F2B3321EAB9C65000BEE4B /* GameOverVC.swift */; };
/* End PBXBuildFile section */

/* Begin PBXFileReference section */
		D09246031EA805DB00442630 /* Bout Time.app */ = {isa = PBXFileReference; explicitFileType = wrapper.application; includeInIndex = 0; path = "Bout Time.app"; sourceTree = BUILT_PRODUCTS_DIR; };
		D09246061EA805DB00442630 /* AppDelegate.swift */ = {isa = PBXFileReference; lastKnownFileType = sourcecode.swift; path = AppDelegate.swift; sourceTree = "<group>"; };
		D09246081EA805DB00442630 /* MainVC.swift */ = {isa = PBXFileReference; lastKnownFileType = sourcecode.swift; path = MainVC.swift; sourceTree = "<group>"; };
		D092460B1EA805DB00442630 /* Base */ = {isa = PBXFileReference; lastKnownFileType = file.storyboard; name = Base; path = Base.lproj/Main.storyboard; sourceTree = "<group>"; };
		D092460E1EA805DB00442630 /* Bout_Time.xcdatamodel */ = {isa = PBXFileReference; lastKnownFileType = wrapper.xcdatamodel; path = Bout_Time.xcdatamodel; sourceTree = "<group>"; };
		D09246101EA805DB00442630 /* Assets.xcassets */ = {isa = PBXFileReference; lastKnownFileType = folder.assetcatalog; path = Assets.xcassets; sourceTree = "<group>"; };
		D09246131EA805DB00442630 /* Base */ = {isa = PBXFileReference; lastKnownFileType = file.storyboard; name = Base; path = Base.lproj/LaunchScreen.storyboard; sourceTree = "<group>"; };
		D09246151EA805DB00442630 /* Info.plist */ = {isa = PBXFileReference; lastKnownFileType = text.plist.xml; path = Info.plist; sourceTree = "<group>"; };
		D092461F1EA8418F00442630 /* Presidents.swift */ = {isa = PBXFileReference; fileEncoding = 4; lastKnownFileType = sourcecode.swift; path = Presidents.swift; sourceTree = "<group>"; };
		D0F2B3321EAB9C65000BEE4B /* GameOverVC.swift */ = {isa = PBXFileReference; fileEncoding = 4; lastKnownFileType = sourcecode.swift; path = GameOverVC.swift; sourceTree = "<group>"; };
/* End PBXFileReference section */

/* Begin PBXFrameworksBuildPhase section */
		D09246001EA805DB00442630 /* Frameworks */ = {
			isa = PBXFrameworksBuildPhase;
			buildActionMask = 2147483647;
			files = (
			);
			runOnlyForDeploymentPostprocessing = 0;
		};
/* End PBXFrameworksBuildPhase section */

/* Begin PBXGroup section */
		D09245FA1EA805DB00442630 = {
			isa = PBXGroup;
			children = (
				D09246051EA805DB00442630 /* Bout Time */,
				D09246041EA805DB00442630 /* Products */,
			);
			sourceTree = "<group>";
		};
		D09246041EA805DB00442630 /* Products */ = {
			isa = PBXGroup;
			children = (
				D09246031EA805DB00442630 /* Bout Time.app */,
			);
			name = Products;
			sourceTree = "<group>";
		};
		D09246051EA805DB00442630 /* Bout Time */ = {
			isa = PBXGroup;
			children = (
				D092461B1EA83F3700442630 /* Model */,
				D092461D1EA83F5400442630 /* View */,
				D092461E1EA83F5A00442630 /* Controller */,
				D09246061EA805DB00442630 /* AppDelegate.swift */,
				D092460A1EA805DB00442630 /* Main.storyboard */,
				D09246101EA805DB00442630 /* Assets.xcassets */,
				D09246121EA805DB00442630 /* LaunchScreen.storyboard */,
				D09246151EA805DB00442630 /* Info.plist */,
				D092460D1EA805DB00442630 /* Bout_Time.xcdatamodeld */,
			);
			path = "Bout Time";
			sourceTree = "<group>";
		};
		D092461B1EA83F3700442630 /* Model */ = {
			isa = PBXGroup;
			children = (
				D092461F1EA8418F00442630 /* Presidents.swift */,
			);
			name = Model;
			sourceTree = "<group>";
		};
		D092461D1EA83F5400442630 /* View */ = {
			isa = PBXGroup;
			children = (
			);
			name = View;
			sourceTree = "<group>";
		};
		D092461E1EA83F5A00442630 /* Controller */ = {
			isa = PBXGroup;
			children = (
				D09246081EA805DB00442630 /* MainVC.swift */,
				D0F2B3321EAB9C65000BEE4B /* GameOverVC.swift */,
			);
			name = Controller;
			sourceTree = "<group>";
		};
/* End PBXGroup section */

/* Begin PBXNativeTarget section */
		D09246021EA805DB00442630 /* Bout Time */ = {
			isa = PBXNativeTarget;
			buildConfigurationList = D09246181EA805DB00442630 /* Build configuration list for PBXNativeTarget "Bout Time" */;
			buildPhases = (
				D09245FF1EA805DB00442630 /* Sources */,
				D09246001EA805DB00442630 /* Frameworks */,
				D09246011EA805DB00442630 /* Resources */,
			);
			buildRules = (
			);
			dependencies = (
			);
			name = "Bout Time";
			productName = "Bout Time";
			productReference = D09246031EA805DB00442630 /* Bout Time.app */;
			productType = "com.apple.product-type.application";
		};
/* End PBXNativeTarget section */

/* Begin PBXProject section */
		D09245FB1EA805DB00442630 /* Project object */ = {
			isa = PBXProject;
			attributes = {
				LastSwiftUpdateCheck = 0820;
				LastUpgradeCheck = 0820;
				ORGANIZATIONNAME = LionsEye;
				TargetAttributes = {
					D09246021EA805DB00442630 = {
						CreatedOnToolsVersion = 8.2;
						ProvisioningStyle = Automatic;
					};
				};
			};
			buildConfigurationList = D09245FE1EA805DB00442630 /* Build configuration list for PBXProject "Bout Time" */;
			compatibilityVersion = "Xcode 3.2";
			developmentRegion = English;
			hasScannedForEncodings = 0;
			knownRegions = (
				en,
				Base,
			);
			mainGroup = D09245FA1EA805DB00442630;
			productRefGroup = D09246041EA805DB00442630 /* Products */;
			projectDirPath = "";
			projectRoot = "";
			targets = (
				D09246021EA805DB00442630 /* Bout Time */,
			);
		};
/* End PBXProject section */

/* Begin PBXResourcesBuildPhase section */
		D09246011EA805DB00442630 /* Resources */ = {
			isa = PBXResourcesBuildPhase;
			buildActionMask = 2147483647;
			files = (
				D09246141EA805DB00442630 /* LaunchScreen.storyboard in Resources */,
				D09246111EA805DB00442630 /* Assets.xcassets in Resources */,
				D092460C1EA805DB00442630 /* Main.storyboard in Resources */,
			);
			runOnlyForDeploymentPostprocessing = 0;
		};
/* End PBXResourcesBuildPhase section */

/* Begin PBXSourcesBuildPhase section */
		D09245FF1EA805DB00442630 /* Sources */ = {
			isa = PBXSourcesBuildPhase;
			buildActionMask = 2147483647;
			files = (
				D0F2B3331EAB9C65000BEE4B /* GameOverVC.swift in Sources */,
				D09246201EA8418F00442630 /* Presidents.swift in Sources */,
				D09246091EA805DB00442630 /* MainVC.swift in Sources */,
				D09246071EA805DB00442630 /* AppDelegate.swift in Sources */,
				D092460F1EA805DB00442630 /* Bout_Time.xcdatamodeld in Sources */,
			);
			runOnlyForDeploymentPostprocessing = 0;
		};
/* End PBXSourcesBuildPhase section */

/* Begin PBXVariantGroup section */
		D092460A1EA805DB00442630 /* Main.storyboard */ = {
			isa = PBXVariantGroup;
			children = (
				D092460B1EA805DB00442630 /* Base */,
			);
			name = Main.storyboard;
			sourceTree = "<group>";
		};
		D09246121EA805DB00442630 /* LaunchScreen.storyboard */ = {
			isa = PBXVariantGroup;
			children = (
				D09246131EA805DB00442630 /* Base */,
			);
			name = LaunchScreen.storyboard;
			sourceTree = "<group>";
		};
/* End PBXVariantGroup section */

/* Begin XCBuildConfiguration section */
		D09246161EA805DB00442630 /* Debug */ = {
			isa = XCBuildConfiguration;
			buildSettings = {
				ALWAYS_SEARCH_USER_PATHS = NO;
				CLANG_ANALYZER_NONNULL = YES;
				CLANG_CXX_LANGUAGE_STANDARD = "gnu++0x";
				CLANG_CXX_LIBRARY = "libc++";
				CLANG_ENABLE_MODULES = YES;
				CLANG_ENABLE_OBJC_ARC = YES;
				CLANG_WARN_BOOL_CONVERSION = YES;
				CLANG_WARN_CONSTANT_CONVERSION = YES;
				CLANG_WARN_DIRECT_OBJC_ISA_USAGE = YES_ERROR;
				CLANG_WARN_DOCUMENTATION_COMMENTS = YES;
				CLANG_WARN_EMPTY_BODY = YES;
				CLANG_WARN_ENUM_CONVERSION = YES;
				CLANG_WARN_INFINITE_RECURSION = YES;
				CLANG_WARN_INT_CONVERSION = YES;
				CLANG_WARN_OBJC_ROOT_CLASS = YES_ERROR;
				CLANG_WARN_SUSPICIOUS_MOVE = YES;
				CLANG_WARN_UNREACHABLE_CODE = YES;
				CLANG_WARN__DUPLICATE_METHOD_MATCH = YES;
				"CODE_SIGN_IDENTITY[sdk=iphoneos*]" = "iPhone Developer";
				COPY_PHASE_STRIP = NO;
				DEBUG_INFORMATION_FORMAT = dwarf;
				ENABLE_STRICT_OBJC_MSGSEND = YES;
				ENABLE_TESTABILITY = YES;
				GCC_C_LANGUAGE_STANDARD = gnu99;
				GCC_DYNAMIC_NO_PIC = NO;
				GCC_NO_COMMON_BLOCKS = YES;
				GCC_OPTIMIZATION_LEVEL = 0;
				GCC_PREPROCESSOR_DEFINITIONS = (
					"DEBUG=1",
					"$(inherited)",
				);
				GCC_WARN_64_TO_32_BIT_CONVERSION = YES;
				GCC_WARN_ABOUT_RETURN_TYPE = YES_ERROR;
				GCC_WARN_UNDECLARED_SELECTOR = YES;
				GCC_WARN_UNINITIALIZED_AUTOS = YES_AGGRESSIVE;
				GCC_WARN_UNUSED_FUNCTION = YES;
				GCC_WARN_UNUSED_VARIABLE = YES;
				IPHONEOS_DEPLOYMENT_TARGET = 10.2;
				MTL_ENABLE_DEBUG_INFO = YES;
				ONLY_ACTIVE_ARCH = YES;
				SDKROOT = iphoneos;
				SWIFT_ACTIVE_COMPILATION_CONDITIONS = DEBUG;
				SWIFT_OPTIMIZATION_LEVEL = "-Onone";
				TARGETED_DEVICE_FAMILY = "1,2";
			};
			name = Debug;
		};
		D09246171EA805DB00442630 /* Release */ = {
			isa = XCBuildConfiguration;
			buildSettings = {
				ALWAYS_SEARCH_USER_PATHS = NO;
				CLANG_ANALYZER_NONNULL = YES;
				CLANG_CXX_LANGUAGE_STANDARD = "gnu++0x";
				CLANG_CXX_LIBRARY = "libc++";
				CLANG_ENABLE_MODULES = YES;
				CLANG_ENABLE_OBJC_ARC = YES;
				CLANG_WARN_BOOL_CONVERSION = YES;
				CLANG_WARN_CONSTANT_CONVERSION = YES;
				CLANG_WARN_DIRECT_OBJC_ISA_USAGE = YES_ERROR;
				CLANG_WARN_DOCUMENTATION_COMMENTS = YES;
				CLANG_WARN_EMPTY_BODY = YES;
				CLANG_WARN_ENUM_CONVERSION = YES;
				CLANG_WARN_INFINITE_RECURSION = YES;
				CLANG_WARN_INT_CONVERSION = YES;
				CLANG_WARN_OBJC_ROOT_CLASS = YES_ERROR;
				CLANG_WARN_SUSPICIOUS_MOVE = YES;
				CLANG_WARN_UNREACHABLE_CODE = YES;
				CLANG_WARN__DUPLICATE_METHOD_MATCH = YES;
				"CODE_SIGN_IDENTITY[sdk=iphoneos*]" = "iPhone Developer";
				COPY_PHASE_STRIP = NO;
				DEBUG_INFORMATION_FORMAT = "dwarf-with-dsym";
				ENABLE_NS_ASSERTIONS = NO;
				ENABLE_STRICT_OBJC_MSGSEND = YES;
				GCC_C_LANGUAGE_STANDARD = gnu99;
				GCC_NO_COMMON_BLOCKS = YES;
				GCC_WARN_64_TO_32_BIT_CONVERSION = YES;
				GCC_WARN_ABOUT_RETURN_TYPE = YES_ERROR;
				GCC_WARN_UNDECLARED_SELECTOR = YES;
				GCC_WARN_UNINITIALIZED_AUTOS = YES_AGGRESSIVE;
				GCC_WARN_UNUSED_FUNCTION = YES;
				GCC_WARN_UNUSED_VARIABLE = YES;
				IPHONEOS_DEPLOYMENT_TARGET = 10.2;
				MTL_ENABLE_DEBUG_INFO = NO;
				SDKROOT = iphoneos;
				SWIFT_OPTIMIZATION_LEVEL = "-Owholemodule";
				TARGETED_DEVICE_FAMILY = "1,2";
				VALIDATE_PRODUCT = YES;
			};
			name = Release;
		};
		D09246191EA805DB00442630 /* Debug */ = {
			isa = XCBuildConfiguration;
			buildSettings = {
				ASSETCATALOG_COMPILER_APPICON_NAME = AppIcon;
				INFOPLIST_FILE = "Bout Time/Info.plist";
				LD_RUNPATH_SEARCH_PATHS = "$(inherited) @executable_path/Frameworks";
				PRODUCT_BUNDLE_IDENTIFIER = "com.lionseye.Bout-Time";
				PRODUCT_NAME = "$(TARGET_NAME)";
				SWIFT_VERSION = 3.0;
			};
			name = Debug;
		};
		D092461A1EA805DB00442630 /* Release */ = {
			isa = XCBuildConfiguration;
			buildSettings = {
				ASSETCATALOG_COMPILER_APPICON_NAME = AppIcon;
				INFOPLIST_FILE = "Bout Time/Info.plist";
				LD_RUNPATH_SEARCH_PATHS = "$(inherited) @executable_path/Frameworks";
				PRODUCT_BUNDLE_IDENTIFIER = "com.lionseye.Bout-Time";
				PRODUCT_NAME = "$(TARGET_NAME)";
				SWIFT_VERSION = 3.0;
			};
			name = Release;
		};
/* End XCBuildConfiguration section */

/* Begin XCConfigurationList section */
		D09245FE1EA805DB00442630 /* Build configuration list for PBXProject "Bout Time" */ = {
			isa = XCConfigurationList;
			buildConfigurations = (
				D09246161EA805DB00442630 /* Debug */,
				D09246171EA805DB00442630 /* Release */,
			);
			defaultConfigurationIsVisible = 0;
			defaultConfigurationName = Release;
		};
		D09246181EA805DB00442630 /* Build configuration list for PBXNativeTarget "Bout Time" */ = {
			isa = XCConfigurationList;
			buildConfigurations = (
				D09246191EA805DB00442630 /* Debug */,
				D092461A1EA805DB00442630 /* Release */,
			);
			defaultConfigurationIsVisible = 0;
			defaultConfigurationName = Release;
		};
/* End XCConfigurationList section */

/* Begin XCVersionGroup section */
		D092460D1EA805DB00442630 /* Bout_Time.xcdatamodeld */ = {
			isa = XCVersionGroup;
			children = (
				D092460E1EA805DB00442630 /* Bout_Time.xcdatamodel */,
			);
			currentVersion = D092460E1EA805DB00442630 /* Bout_Time.xcdatamodel */;
			path = Bout_Time.xcdatamodeld;
			sourceTree = "<group>";
			versionGroupType = wrapper.xcdatamodel;
		};
/* End XCVersionGroup section */
	};
	rootObject = D09245FB1EA805DB00442630 /* Project object */;
}
